
Microsoft Visual Studio Solution File, Format Version 12.00
# Visual Studio 15
VisualStudioVersion = 15.0.27428.2011
MinimumVisualStudioVersion = 10.0.40219.1
Project("{FAE04EC0-301F-11D3-BF4B-00C04F79EFBC}") = "sort_visualiser", "sort_visualiser\sort_visualiser.csproj", "{7D7B9976-E8DC-4E75-B9C3-62A2F9AEB1B2}"
EndProject
Global
	GlobalSection(SolutionConfigurationPlatforms) = preSolution
		Debug|Any CPU = Debug|Any CPU
		Release|Any CPU = Release|Any CPU
	EndGlobalSection
	GlobalSection(ProjectConfigurationPlatforms) = postSolution
		{7D7B9976-E8DC-4E75-B9C3-62A2F9AEB1B2}.Debug|Any CPU.ActiveCfg = Debug|Any CPU
		{7D7B9976-E8DC-4E75-B9C3-62A2F9AEB1B2}.Debug|Any CPU.Build.0 = Debug|Any CPU
		{7D7B9976-E8DC-4E75-B9C3-62A2F9AEB1B2}.Release|Any CPU.ActiveCfg = Release|Any CPU
		{7D7B9976-E8DC-4E75-B9C3-62A2F9AEB1B2}.Release|Any CPU.Build.0 = Release|Any CPU
	EndGlobalSection
	GlobalSection(SolutionProperties) = preSolution
		HideSolutionNode = FALSE
	EndGlobalSection
	GlobalSection(ExtensibilityGlobals) = postSolution
		SolutionGuid = {4A253313-EB5B-4A7E-9758-120D4D4B3D3A}
	EndGlobalSection
EndGlobal
